// !$*UTF8*$!
{
	archiveVersion = 1;
	classes = {
	};
	objectVersion = 50;
	objects = {

/* Begin PBXBuildFile section */
		9547DD10223FDB3300A1FB54 /* GraphTester.cpp in Sources */ = {isa = PBXBuildFile; fileRef = 9547DD0E223FDB3300A1FB54 /* GraphTester.cpp */; };
		95A42EEB21FF5D84004AE0D8 /* Controller.cpp in Sources */ = {isa = PBXBuildFile; fileRef = 95A42EE921FF5D84004AE0D8 /* Controller.cpp */; };
		95A42EED21FF5EBC004AE0D8 /* Runnner.cpp in Sources */ = {isa = PBXBuildFile; fileRef = 95A42EEC21FF5EBC004AE0D8 /* Runnner.cpp */; };
		95D4ABC62209DDEB0095675E /* Timer.cpp in Sources */ = {isa = PBXBuildFile; fileRef = 95D4ABC42209DDEB0095675E /* Timer.cpp */; };
		95F54E1F220C863E00CD1BBA /* FileController.cpp in Sources */ = {isa = PBXBuildFile; fileRef = 95F54E1D220C863E00CD1BBA /* FileController.cpp */; };
		95F54E24220C86ED00CD1BBA /* Music.cpp in Sources */ = {isa = PBXBuildFile; fileRef = 95F54E23220C86ED00CD1BBA /* Music.cpp */; };
		95F54E26220C870100CD1BBA /* CrimeData.cpp in Sources */ = {isa = PBXBuildFile; fileRef = 95F54E25220C870100CD1BBA /* CrimeData.cpp */; };
		95F8B56E22147E7C003A888D /* LinearTesters.cpp in Sources */ = {isa = PBXBuildFile; fileRef = 95F8B56C22147E7C003A888D /* LinearTesters.cpp */; };
/* End PBXBuildFile section */

/* Begin PBXCopyFilesBuildPhase section */
		95A42ED821FF5BBA004AE0D8 /* CopyFiles */ = {
			isa = PBXCopyFilesBuildPhase;
			buildActionMask = 2147483647;
			dstPath = /usr/share/man/man1/;
			dstSubfolderSpec = 0;
			files = (
			);
			runOnlyForDeploymentPostprocessing = 1;
		};
/* End PBXCopyFilesBuildPhase section */

/* Begin PBXFileReference section */
		950CF2AA2211C1F900F2088A /* LinearNode.hpp */ = {isa = PBXFileReference; lastKnownFileType = sourcecode.cpp.h; path = LinearNode.hpp; sourceTree = "<group>"; };
		950CF2AB2211C44100F2088A /* LinkedList.hpp */ = {isa = PBXFileReference; lastKnownFileType = sourcecode.cpp.h; path = LinkedList.hpp; sourceTree = "<group>"; };
		950CF2AC2211CD1800F2088A /* Queue.hpp */ = {isa = PBXFileReference; lastKnownFileType = sourcecode.cpp.h; path = Queue.hpp; sourceTree = "<group>"; };
		950CF2AD2211D60700F2088A /* Stack.hpp */ = {isa = PBXFileReference; lastKnownFileType = sourcecode.cpp.h; path = Stack.hpp; sourceTree = "<group>"; };
		953BD6EB2268BC4800F5D639 /* Tree.hpp */ = {isa = PBXFileReference; lastKnownFileType = sourcecode.cpp.h; path = Tree.hpp; sourceTree = "<group>"; };
		953BD6EC2268BFE000F5D639 /* BinarySearchTree.hpp */ = {isa = PBXFileReference; lastKnownFileType = sourcecode.cpp.h; path = BinarySearchTree.hpp; sourceTree = "<group>"; };
		9547DD0E223FDB3300A1FB54 /* GraphTester.cpp */ = {isa = PBXFileReference; lastKnownFileType = sourcecode.cpp.cpp; path = GraphTester.cpp; sourceTree = "<group>"; };
		9547DD0F223FDB3300A1FB54 /* GraphTester.hpp */ = {isa = PBXFileReference; lastKnownFileType = sourcecode.cpp.h; path = GraphTester.hpp; sourceTree = "<group>"; };
		955418C82260D8AF00600F33 /* BinaryTreeNode.hpp */ = {isa = PBXFileReference; lastKnownFileType = sourcecode.cpp.h; path = BinaryTreeNode.hpp; sourceTree = "<group>"; };
		955A8966222451F900E8EC90 /* Array.hpp */ = {isa = PBXFileReference; lastKnownFileType = sourcecode.cpp.h; path = Array.hpp; sourceTree = "<group>"; };
		95669D3122788B680088E2CF /* AVLTree.hpp */ = {isa = PBXFileReference; lastKnownFileType = sourcecode.cpp.h; path = AVLTree.hpp; sourceTree = "<group>"; };
		959B4191226E00F7007CDFE6 /* BinaryTreeTester.hpp */ = {isa = PBXFileReference; lastKnownFileType = sourcecode.cpp.h; path = BinaryTreeTester.hpp; sourceTree = "<group>"; };
		95A42EDA21FF5BBA004AE0D8 /* DataStructures */ = {isa = PBXFileReference; explicitFileType = "compiled.mach-o.executable"; includeInIndex = 0; path = DataStructures; sourceTree = BUILT_PRODUCTS_DIR; };
		95A42EE821FF5CC6004AE0D8 /* DataStructuresNode1.pdf */ = {isa = PBXFileReference; lastKnownFileType = image.pdf; path = DataStructuresNode1.pdf; sourceTree = "<group>"; };
		95A42EE921FF5D84004AE0D8 /* Controller.cpp */ = {isa = PBXFileReference; lastKnownFileType = sourcecode.cpp.cpp; path = Controller.cpp; sourceTree = "<group>"; };
		95A42EEA21FF5D84004AE0D8 /* Controller.hpp */ = {isa = PBXFileReference; lastKnownFileType = sourcecode.cpp.h; path = Controller.hpp; sourceTree = "<group>"; };
		95A42EEC21FF5EBC004AE0D8 /* Runnner.cpp */ = {isa = PBXFileReference; lastKnownFileType = sourcecode.cpp.cpp; path = Runnner.cpp; sourceTree = "<group>"; };
		95A42EEE21FF6100004AE0D8 /* Node.hpp */ = {isa = PBXFileReference; lastKnownFileType = sourcecode.cpp.h; path = Node.hpp; sourceTree = "<group>"; };
		95BC1C6722303066003303DA /* Graph.hpp */ = {isa = PBXFileReference; lastKnownFileType = sourcecode.cpp.h; path = Graph.hpp; sourceTree = "<group>"; };
		95CC503D221EF168006A4D77 /* DoubleNode.hpp */ = {isa = PBXFileReference; lastKnownFileType = sourcecode.cpp.h; path = DoubleNode.hpp; sourceTree = "<group>"; };
		95CC503E221EF817006A4D77 /* CircularList.hpp */ = {isa = PBXFileReference; lastKnownFileType = sourcecode.cpp.h; path = CircularList.hpp; sourceTree = "<group>"; };
		95D4ABC42209DDEB0095675E /* Timer.cpp */ = {isa = PBXFileReference; lastKnownFileType = sourcecode.cpp.cpp; path = Timer.cpp; sourceTree = "<group>"; };
		95D4ABC52209DDEB0095675E /* Timer.hpp */ = {isa = PBXFileReference; lastKnownFileType = sourcecode.cpp.h; path = Timer.hpp; sourceTree = "<group>"; };
		95F54E1C220C852400CD1BBA /* List.hpp */ = {isa = PBXFileReference; lastKnownFileType = sourcecode.cpp.h; path = List.hpp; sourceTree = "<group>"; };
		95F54E1D220C863E00CD1BBA /* FileController.cpp */ = {isa = PBXFileReference; lastKnownFileType = sourcecode.cpp.cpp; path = FileController.cpp; sourceTree = "<group>"; };
		95F54E1E220C863E00CD1BBA /* FileController.hpp */ = {isa = PBXFileReference; lastKnownFileType = sourcecode.cpp.h; path = FileController.hpp; sourceTree = "<group>"; };
		95F54E21220C86ED00CD1BBA /* CrimeData.hpp */ = {isa = PBXFileReference; fileEncoding = 4; lastKnownFileType = sourcecode.cpp.h; path = CrimeData.hpp; sourceTree = "<group>"; };
		95F54E22220C86ED00CD1BBA /* Music.hpp */ = {isa = PBXFileReference; fileEncoding = 4; lastKnownFileType = sourcecode.cpp.h; path = Music.hpp; sourceTree = "<group>"; };
		95F54E23220C86ED00CD1BBA /* Music.cpp */ = {isa = PBXFileReference; fileEncoding = 4; lastKnownFileType = sourcecode.cpp.cpp; path = Music.cpp; sourceTree = "<group>"; };
		95F54E25220C870100CD1BBA /* CrimeData.cpp */ = {isa = PBXFileReference; fileEncoding = 4; lastKnownFileType = sourcecode.cpp.cpp; path = CrimeData.cpp; sourceTree = "<group>"; };
		95F54E27220C874D00CD1BBA /* crime.csv */ = {isa = PBXFileReference; lastKnownFileType = text; path = crime.csv; sourceTree = "<group>"; };
		95F54E28220C874D00CD1BBA /* music.csv */ = {isa = PBXFileReference; lastKnownFileType = text; path = music.csv; sourceTree = "<group>"; };
		95F8B56C22147E7C003A888D /* LinearTesters.cpp */ = {isa = PBXFileReference; lastKnownFileType = sourcecode.cpp.cpp; path = LinearTesters.cpp; sourceTree = "<group>"; };
		95F8B56D22147E7C003A888D /* LinearTesters.hpp */ = {isa = PBXFileReference; lastKnownFileType = sourcecode.cpp.h; path = LinearTesters.hpp; sourceTree = "<group>"; };
/* End PBXFileReference section */

/* Begin PBXFrameworksBuildPhase section */
		95A42ED721FF5BBA004AE0D8 /* Frameworks */ = {
			isa = PBXFrameworksBuildPhase;
			buildActionMask = 2147483647;
			files = (
			);
			runOnlyForDeploymentPostprocessing = 0;
		};
/* End PBXFrameworksBuildPhase section */

/* Begin PBXGroup section */
		95A42ED121FF5BBA004AE0D8 = {
			isa = PBXGroup;
			children = (
				95A42EDC21FF5BBA004AE0D8 /* DataStructures */,
				95A42EDB21FF5BBA004AE0D8 /* Products */,
			);
			sourceTree = "<group>";
		};
		95A42EDB21FF5BBA004AE0D8 /* Products */ = {
			isa = PBXGroup;
			children = (
				95A42EDA21FF5BBA004AE0D8 /* DataStructures */,
			);
			name = Products;
			sourceTree = "<group>";
		};
		95A42EDC21FF5BBA004AE0D8 /* DataStructures */ = {
			isa = PBXGroup;
			children = (
				95F8B56B22147E68003A888D /* Testers */,
				95F54E20220C868F00CD1BBA /* Resources */,
				95A42EE621FF5C5C004AE0D8 /* Diagrams */,
				95A42EE521FF5C4E004AE0D8 /* Controller */,
				95A42EE421FF5C45004AE0D8 /* Model */,
			);
			path = DataStructures;
			sourceTree = "<group>";
		};
		95A42EE421FF5C45004AE0D8 /* Model */ = {
			isa = PBXGroup;
			children = (
				95F54E1A220C84FD00CD1BBA /* Linear */,
				95F54E1B220C850C00CD1BBA /* Nodes */,
			);
			path = Model;
			sourceTree = "<group>";
		};
		95A42EE521FF5C4E004AE0D8 /* Controller */ = {
			isa = PBXGroup;
			children = (
				95D4ABC32209DDD20095675E /* Tools */,
				95A42EE921FF5D84004AE0D8 /* Controller.cpp */,
				95A42EEA21FF5D84004AE0D8 /* Controller.hpp */,
				95F54E1D220C863E00CD1BBA /* FileController.cpp */,
				95F54E1E220C863E00CD1BBA /* FileController.hpp */,
				95A42EEC21FF5EBC004AE0D8 /* Runnner.cpp */,
			);
			path = Controller;
			sourceTree = "<group>";
		};
		95A42EE621FF5C5C004AE0D8 /* Diagrams */ = {
			isa = PBXGroup;
			children = (
				95A42EE821FF5CC6004AE0D8 /* DataStructuresNode1.pdf */,
			);
			path = Diagrams;
			sourceTree = "<group>";
		};
		95D4ABC32209DDD20095675E /* Tools */ = {
			isa = PBXGroup;
			children = (
				95D4ABC42209DDEB0095675E /* Timer.cpp */,
				95D4ABC52209DDEB0095675E /* Timer.hpp */,
			);
			path = Tools;
			sourceTree = "<group>";
		};
		95F54E1A220C84FD00CD1BBA /* Linear */ = {
			isa = PBXGroup;
			children = (
				95F54E1C220C852400CD1BBA /* List.hpp */,
				950CF2AB2211C44100F2088A /* LinkedList.hpp */,
				950CF2AC2211CD1800F2088A /* Queue.hpp */,
				950CF2AD2211D60700F2088A /* Stack.hpp */,
				95CC503E221EF817006A4D77 /* CircularList.hpp */,
				955A8966222451F900E8EC90 /* Array.hpp */,
				95BC1C6722303066003303DA /* Graph.hpp */,
				953BD6EB2268BC4800F5D639 /* Tree.hpp */,
				953BD6EC2268BFE000F5D639 /* BinarySearchTree.hpp */,
				95669D3122788B680088E2CF /* AVLTree.hpp */,
			);
			path = Linear;
			sourceTree = "<group>";
		};
		95F54E1B220C850C00CD1BBA /* Nodes */ = {
			isa = PBXGroup;
			children = (
				95A42EEE21FF6100004AE0D8 /* Node.hpp */,
				950CF2AA2211C1F900F2088A /* LinearNode.hpp */,
				95CC503D221EF168006A4D77 /* DoubleNode.hpp */,
				955418C82260D8AF00600F33 /* BinaryTreeNode.hpp */,
			);
			path = Nodes;
			sourceTree = "<group>";
		};
		95F54E20220C868F00CD1BBA /* Resources */ = {
			isa = PBXGroup;
			children = (
				95F54E27220C874D00CD1BBA /* crime.csv */,
				95F54E28220C874D00CD1BBA /* music.csv */,
				95F54E25220C870100CD1BBA /* CrimeData.cpp */,
				95F54E21220C86ED00CD1BBA /* CrimeData.hpp */,
				95F54E23220C86ED00CD1BBA /* Music.cpp */,
				95F54E22220C86ED00CD1BBA /* Music.hpp */,
			);
			path = Resources;
			sourceTree = "<group>";
		};
		95F8B56B22147E68003A888D /* Testers */ = {
			isa = PBXGroup;
			children = (
				95F8B56C22147E7C003A888D /* LinearTesters.cpp */,
				95F8B56D22147E7C003A888D /* LinearTesters.hpp */,
				9547DD0F223FDB3300A1FB54 /* GraphTester.hpp */,
				9547DD0E223FDB3300A1FB54 /* GraphTester.cpp */,
				959B4191226E00F7007CDFE6 /* BinaryTreeTester.hpp */,
			);
			path = Testers;
			sourceTree = "<group>";
		};
/* End PBXGroup section */

/* Begin PBXNativeTarget section */
		95A42ED921FF5BBA004AE0D8 /* DataStructures */ = {
			isa = PBXNativeTarget;
			buildConfigurationList = 95A42EE121FF5BBA004AE0D8 /* Build configuration list for PBXNativeTarget "DataStructures" */;
			buildPhases = (
				95A42ED621FF5BBA004AE0D8 /* Sources */,
				95A42ED721FF5BBA004AE0D8 /* Frameworks */,
				95A42ED821FF5BBA004AE0D8 /* CopyFiles */,
			);
			buildRules = (
			);
			dependencies = (
			);
			name = DataStructures;
			productName = DataStructures;
			productReference = 95A42EDA21FF5BBA004AE0D8 /* DataStructures */;
			productType = "com.apple.product-type.tool";
		};
/* End PBXNativeTarget section */

/* Begin PBXProject section */
		95A42ED221FF5BBA004AE0D8 /* Project object */ = {
			isa = PBXProject;
			attributes = {
				LastUpgradeCheck = 1000;
				ORGANIZATIONNAME = CTEC;
				TargetAttributes = {
					95A42ED921FF5BBA004AE0D8 = {
						CreatedOnToolsVersion = 10.0;
					};
				};
			};
			buildConfigurationList = 95A42ED521FF5BBA004AE0D8 /* Build configuration list for PBXProject "DataStructures" */;
			compatibilityVersion = "Xcode 9.3";
			developmentRegion = en;
			hasScannedForEncodings = 0;
			knownRegions = (
				en,
			);
			mainGroup = 95A42ED121FF5BBA004AE0D8;
			productRefGroup = 95A42EDB21FF5BBA004AE0D8 /* Products */;
			projectDirPath = "";
			projectRoot = "";
			targets = (
				95A42ED921FF5BBA004AE0D8 /* DataStructures */,
			);
		};
/* End PBXProject section */

/* Begin PBXSourcesBuildPhase section */
		95A42ED621FF5BBA004AE0D8 /* Sources */ = {
			isa = PBXSourcesBuildPhase;
			buildActionMask = 2147483647;
			files = (
				95F54E24220C86ED00CD1BBA /* Music.cpp in Sources */,
				9547DD10223FDB3300A1FB54 /* GraphTester.cpp in Sources */,
				95D4ABC62209DDEB0095675E /* Timer.cpp in Sources */,
				95F8B56E22147E7C003A888D /* LinearTesters.cpp in Sources */,
				95F54E26220C870100CD1BBA /* CrimeData.cpp in Sources */,
				95A42EED21FF5EBC004AE0D8 /* Runnner.cpp in Sources */,
				95A42EEB21FF5D84004AE0D8 /* Controller.cpp in Sources */,
				95F54E1F220C863E00CD1BBA /* FileController.cpp in Sources */,
			);
			runOnlyForDeploymentPostprocessing = 0;
		};
/* End PBXSourcesBuildPhase section */

/* Begin XCBuildConfiguration section */
		95A42EDF21FF5BBA004AE0D8 /* Debug */ = {
			isa = XCBuildConfiguration;
			buildSettings = {
				ALWAYS_SEARCH_USER_PATHS = NO;
				CLANG_ANALYZER_NONNULL = YES;
				CLANG_ANALYZER_NUMBER_OBJECT_CONVERSION = YES_AGGRESSIVE;
				CLANG_CXX_LANGUAGE_STANDARD = "gnu++14";
				CLANG_CXX_LIBRARY = "libc++";
				CLANG_ENABLE_MODULES = YES;
				CLANG_ENABLE_OBJC_ARC = YES;
				CLANG_ENABLE_OBJC_WEAK = YES;
				CLANG_WARN_BLOCK_CAPTURE_AUTORELEASING = YES;
				CLANG_WARN_BOOL_CONVERSION = YES;
				CLANG_WARN_COMMA = YES;
				CLANG_WARN_CONSTANT_CONVERSION = YES;
				CLANG_WARN_DEPRECATED_OBJC_IMPLEMENTATIONS = YES;
				CLANG_WARN_DIRECT_OBJC_ISA_USAGE = YES_ERROR;
				CLANG_WARN_DOCUMENTATION_COMMENTS = YES;
				CLANG_WARN_EMPTY_BODY = YES;
				CLANG_WARN_ENUM_CONVERSION = YES;
				CLANG_WARN_INFINITE_RECURSION = YES;
				CLANG_WARN_INT_CONVERSION = YES;
				CLANG_WARN_NON_LITERAL_NULL_CONVERSION = YES;
				CLANG_WARN_OBJC_IMPLICIT_RETAIN_SELF = YES;
				CLANG_WARN_OBJC_LITERAL_CONVERSION = YES;
				CLANG_WARN_OBJC_ROOT_CLASS = YES_ERROR;
				CLANG_WARN_RANGE_LOOP_ANALYSIS = YES;
				CLANG_WARN_STRICT_PROTOTYPES = YES;
				CLANG_WARN_SUSPICIOUS_MOVE = YES;
				CLANG_WARN_UNGUARDED_AVAILABILITY = YES_AGGRESSIVE;
				CLANG_WARN_UNREACHABLE_CODE = YES;
				CLANG_WARN__DUPLICATE_METHOD_MATCH = YES;
				CODE_SIGN_IDENTITY = "-";
				COPY_PHASE_STRIP = NO;
				DEBUG_INFORMATION_FORMAT = dwarf;
				ENABLE_STRICT_OBJC_MSGSEND = YES;
				ENABLE_TESTABILITY = YES;
				GCC_C_LANGUAGE_STANDARD = gnu11;
				GCC_DYNAMIC_NO_PIC = NO;
				GCC_NO_COMMON_BLOCKS = YES;
				GCC_OPTIMIZATION_LEVEL = 0;
				GCC_PREPROCESSOR_DEFINITIONS = (
					"DEBUG=1",
					"$(inherited)",
				);
				GCC_WARN_64_TO_32_BIT_CONVERSION = YES;
				GCC_WARN_ABOUT_RETURN_TYPE = YES_ERROR;
				GCC_WARN_UNDECLARED_SELECTOR = YES;
				GCC_WARN_UNINITIALIZED_AUTOS = YES_AGGRESSIVE;
				GCC_WARN_UNUSED_FUNCTION = YES;
				GCC_WARN_UNUSED_VARIABLE = YES;
				MACOSX_DEPLOYMENT_TARGET = 10.13;
				MTL_ENABLE_DEBUG_INFO = INCLUDE_SOURCE;
				MTL_FAST_MATH = YES;
				ONLY_ACTIVE_ARCH = YES;
				SDKROOT = macosx;
			};
			name = Debug;
		};
		95A42EE021FF5BBA004AE0D8 /* Release */ = {
			isa = XCBuildConfiguration;
			buildSettings = {
				ALWAYS_SEARCH_USER_PATHS = NO;
				CLANG_ANALYZER_NONNULL = YES;
				CLANG_ANALYZER_NUMBER_OBJECT_CONVERSION = YES_AGGRESSIVE;
				CLANG_CXX_LANGUAGE_STANDARD = "gnu++14";
				CLANG_CXX_LIBRARY = "libc++";
				CLANG_ENABLE_MODULES = YES;
				CLANG_ENABLE_OBJC_ARC = YES;
				CLANG_ENABLE_OBJC_WEAK = YES;
				CLANG_WARN_BLOCK_CAPTURE_AUTORELEASING = YES;
				CLANG_WARN_BOOL_CONVERSION = YES;
				CLANG_WARN_COMMA = YES;
				CLANG_WARN_CONSTANT_CONVERSION = YES;
				CLANG_WARN_DEPRECATED_OBJC_IMPLEMENTATIONS = YES;
				CLANG_WARN_DIRECT_OBJC_ISA_USAGE = YES_ERROR;
				CLANG_WARN_DOCUMENTATION_COMMENTS = YES;
				CLANG_WARN_EMPTY_BODY = YES;
				CLANG_WARN_ENUM_CONVERSION = YES;
				CLANG_WARN_INFINITE_RECURSION = YES;
				CLANG_WARN_INT_CONVERSION = YES;
				CLANG_WARN_NON_LITERAL_NULL_CONVERSION = YES;
				CLANG_WARN_OBJC_IMPLICIT_RETAIN_SELF = YES;
				CLANG_WARN_OBJC_LITERAL_CONVERSION = YES;
				CLANG_WARN_OBJC_ROOT_CLASS = YES_ERROR;
				CLANG_WARN_RANGE_LOOP_ANALYSIS = YES;
				CLANG_WARN_STRICT_PROTOTYPES = YES;
				CLANG_WARN_SUSPICIOUS_MOVE = YES;
				CLANG_WARN_UNGUARDED_AVAILABILITY = YES_AGGRESSIVE;
				CLANG_WARN_UNREACHABLE_CODE = YES;
				CLANG_WARN__DUPLICATE_METHOD_MATCH = YES;
				CODE_SIGN_IDENTITY = "-";
				COPY_PHASE_STRIP = NO;
				DEBUG_INFORMATION_FORMAT = "dwarf-with-dsym";
				ENABLE_NS_ASSERTIONS = NO;
				ENABLE_STRICT_OBJC_MSGSEND = YES;
				GCC_C_LANGUAGE_STANDARD = gnu11;
				GCC_NO_COMMON_BLOCKS = YES;
				GCC_WARN_64_TO_32_BIT_CONVERSION = YES;
				GCC_WARN_ABOUT_RETURN_TYPE = YES_ERROR;
				GCC_WARN_UNDECLARED_SELECTOR = YES;
				GCC_WARN_UNINITIALIZED_AUTOS = YES_AGGRESSIVE;
				GCC_WARN_UNUSED_FUNCTION = YES;
				GCC_WARN_UNUSED_VARIABLE = YES;
				MACOSX_DEPLOYMENT_TARGET = 10.13;
				MTL_ENABLE_DEBUG_INFO = NO;
				MTL_FAST_MATH = YES;
				SDKROOT = macosx;
			};
			name = Release;
		};
		95A42EE221FF5BBA004AE0D8 /* Debug */ = {
			isa = XCBuildConfiguration;
			buildSettings = {
				CODE_SIGN_STYLE = Automatic;
				PRODUCT_NAME = "$(TARGET_NAME)";
			};
			name = Debug;
		};
		95A42EE321FF5BBA004AE0D8 /* Release */ = {
			isa = XCBuildConfiguration;
			buildSettings = {
				CODE_SIGN_STYLE = Automatic;
				PRODUCT_NAME = "$(TARGET_NAME)";
			};
			name = Release;
		};
/* End XCBuildConfiguration section */

/* Begin XCConfigurationList section */
		95A42ED521FF5BBA004AE0D8 /* Build configuration list for PBXProject "DataStructures" */ = {
			isa = XCConfigurationList;
			buildConfigurations = (
				95A42EDF21FF5BBA004AE0D8 /* Debug */,
				95A42EE021FF5BBA004AE0D8 /* Release */,
			);
			defaultConfigurationIsVisible = 0;
			defaultConfigurationName = Release;
		};
		95A42EE121FF5BBA004AE0D8 /* Build configuration list for PBXNativeTarget "DataStructures" */ = {
			isa = XCConfigurationList;
			buildConfigurations = (
				95A42EE221FF5BBA004AE0D8 /* Debug */,
				95A42EE321FF5BBA004AE0D8 /* Release */,
			);
			defaultConfigurationIsVisible = 0;
			defaultConfigurationName = Release;
		};
/* End XCConfigurationList section */
	};
	rootObject = 95A42ED221FF5BBA004AE0D8 /* Project object */;
}
